
Microsoft Visual Studio Solution File, Format Version 12.00
# Visual Studio Version 17
VisualStudioVersion = 17.9.34902.65
MinimumVisualStudioVersion = 10.0.40219.1
Project("{FAE04EC0-301F-11D3-BF4B-00C04F79EFBC}") = "AcuSyrinxAPI", "AcuSyrinxAPI\AcuSyrinxAPI.csproj", "{250D6C79-C625-4E33-AB5C-CB945E5FCE5D}"
EndProject
Global
	GlobalSection(SolutionConfigurationPlatforms) = preSolution
		Debug|Any CPU = Debug|Any CPU
		Release|Any CPU = Release|Any CPU
	EndGlobalSection
	GlobalSection(ProjectConfigurationPlatforms) = postSolution
		{250D6C79-C625-4E33-AB5C-CB945E5FCE5D}.Debug|Any CPU.ActiveCfg = Debug|Any CPU
		{250D6C79-C625-4E33-AB5C-CB945E5FCE5D}.Debug|Any CPU.Build.0 = Debug|Any CPU
		{250D6C79-C625-4E33-AB5C-CB945E5FCE5D}.Release|Any CPU.ActiveCfg = Release|Any CPU
		{250D6C79-C625-4E33-AB5C-CB945E5FCE5D}.Release|Any CPU.Build.0 = Release|Any CPU
	EndGlobalSection
	GlobalSection(SolutionProperties) = preSolution
		HideSolutionNode = FALSE
	EndGlobalSection
	GlobalSection(ExtensibilityGlobals) = postSolution
		SolutionGuid = {A3679907-8C8F-4DDF-B843-46C555FC3BBE}
	EndGlobalSection
EndGlobal
